
Microsoft Visual Studio Solution File, Format Version 12.00
# Visual Studio Version 16
VisualStudioVersion = 16.0.30523.141
MinimumVisualStudioVersion = 10.0.40219.1
Project("{8BC9CEB8-8B4A-11D0-8D11-00A0C91BC942}") = "Lab25", "Lab25.vcxproj", "{9B7F3B53-43C1-4C22-833D-F02B4068AC52}"
EndProject
Global
	GlobalSection(SolutionConfigurationPlatforms) = preSolution
		Debug|x64 = Debug|x64
		Debug|x86 = Debug|x86
		Release|x64 = Release|x64
		Release|x86 = Release|x86
	EndGlobalSection
	GlobalSection(ProjectConfigurationPlatforms) = postSolution
		{9B7F3B53-43C1-4C22-833D-F02B4068AC52}.Debug|x64.ActiveCfg = Debug|x64
		{9B7F3B53-43C1-4C22-833D-F02B4068AC52}.Debug|x64.Build.0 = Debug|x64
		{9B7F3B53-43C1-4C22-833D-F02B4068AC52}.Debug|x86.ActiveCfg = Debug|Win32
		{9B7F3B53-43C1-4C22-833D-F02B4068AC52}.Debug|x86.Build.0 = Debug|Win32
		{9B7F3B53-43C1-4C22-833D-F02B4068AC52}.Release|x64.ActiveCfg = Release|x64
		{9B7F3B53-43C1-4C22-833D-F02B4068AC52}.Release|x64.Build.0 = Release|x64
		{9B7F3B53-43C1-4C22-833D-F02B4068AC52}.Release|x86.ActiveCfg = Release|Win32
		{9B7F3B53-43C1-4C22-833D-F02B4068AC52}.Release|x86.Build.0 = Release|Win32
	EndGlobalSection
	GlobalSection(SolutionProperties) = preSolution
		HideSolutionNode = FALSE
	EndGlobalSection
	GlobalSection(ExtensibilityGlobals) = postSolution
		SolutionGuid = {3DAE2EE6-6980-4850-B4CD-2D758801A370}
	EndGlobalSection
EndGlobal
