
Microsoft Visual Studio Solution File, Format Version 12.00
# Visual Studio Version 16
VisualStudioVersion = 16.0.30413.136
MinimumVisualStudioVersion = 10.0.40219.1
Project("{8BC9CEB8-8B4A-11D0-8D11-00A0C91BC942}") = "HW1_main", "HW1_main.vcxproj", "{3A57B37B-5827-44D1-8047-C5FBBB9DFBDA}"
EndProject
Global
	GlobalSection(SolutionConfigurationPlatforms) = preSolution
		Debug|x64 = Debug|x64
		Debug|x86 = Debug|x86
		Release|x64 = Release|x64
		Release|x86 = Release|x86
	EndGlobalSection
	GlobalSection(ProjectConfigurationPlatforms) = postSolution
		{3A57B37B-5827-44D1-8047-C5FBBB9DFBDA}.Debug|x64.ActiveCfg = Debug|x64
		{3A57B37B-5827-44D1-8047-C5FBBB9DFBDA}.Debug|x64.Build.0 = Debug|x64
		{3A57B37B-5827-44D1-8047-C5FBBB9DFBDA}.Debug|x86.ActiveCfg = Debug|Win32
		{3A57B37B-5827-44D1-8047-C5FBBB9DFBDA}.Debug|x86.Build.0 = Debug|Win32
		{3A57B37B-5827-44D1-8047-C5FBBB9DFBDA}.Release|x64.ActiveCfg = Release|x64
		{3A57B37B-5827-44D1-8047-C5FBBB9DFBDA}.Release|x64.Build.0 = Release|x64
		{3A57B37B-5827-44D1-8047-C5FBBB9DFBDA}.Release|x86.ActiveCfg = Release|Win32
		{3A57B37B-5827-44D1-8047-C5FBBB9DFBDA}.Release|x86.Build.0 = Release|Win32
	EndGlobalSection
	GlobalSection(SolutionProperties) = preSolution
		HideSolutionNode = FALSE
	EndGlobalSection
	GlobalSection(ExtensibilityGlobals) = postSolution
		SolutionGuid = {ABD21555-EC1D-4EB1-8386-9168029D4F15}
	EndGlobalSection
EndGlobal
